// !$*UTF8*$!
{
	archiveVersion = 1;
	classes = {
	};
	objectVersion = 46;
	objects = {

/* Begin PBXBuildFile section */
		564A78711CC6A976008F70D9 /* MapViewController.swift in Sources */ = {isa = PBXBuildFile; fileRef = 564A78701CC6A976008F70D9 /* MapViewController.swift */; };
		564A78751CC6CE14008F70D9 /* Colors.swift in Sources */ = {isa = PBXBuildFile; fileRef = 564A78741CC6CE14008F70D9 /* Colors.swift */; };
		56561CDB1CD28EC300B14720 /* LoadViewController.swift in Sources */ = {isa = PBXBuildFile; fileRef = 56561CDA1CD28EC300B14720 /* LoadViewController.swift */; };
		56561CDC1CD28EC300B14720 /* LoadViewController.swift in Sources */ = {isa = PBXBuildFile; fileRef = 56561CDA1CD28EC300B14720 /* LoadViewController.swift */; };
		56561CDD1CD28EC300B14720 /* LoadViewController.swift in Sources */ = {isa = PBXBuildFile; fileRef = 56561CDA1CD28EC300B14720 /* LoadViewController.swift */; };
		56561CE41CD2DE9A00B14720 /* Serializable.swift in Sources */ = {isa = PBXBuildFile; fileRef = 56561CE31CD2DE9A00B14720 /* Serializable.swift */; };
		56561CE51CD2DE9A00B14720 /* Serializable.swift in Sources */ = {isa = PBXBuildFile; fileRef = 56561CE31CD2DE9A00B14720 /* Serializable.swift */; };
		56561CE81CD2E0E200B14720 /* ArrayExt.swift in Sources */ = {isa = PBXBuildFile; fileRef = 56561CE71CD2E0E200B14720 /* ArrayExt.swift */; };
		56561CE91CD2E0E200B14720 /* ArrayExt.swift in Sources */ = {isa = PBXBuildFile; fileRef = 56561CE71CD2E0E200B14720 /* ArrayExt.swift */; };
		5657C85F1CAAD01E003FD752 /* ViewController.swift in Sources */ = {isa = PBXBuildFile; fileRef = 5657C85E1CAAD01E003FD752 /* ViewController.swift */; };
		5670D53C1C9B278500DDE7CA /* AppDelegate.swift in Sources */ = {isa = PBXBuildFile; fileRef = 5670D53B1C9B278500DDE7CA /* AppDelegate.swift */; };
		5670D5411C9B278500DDE7CA /* Main.storyboard in Resources */ = {isa = PBXBuildFile; fileRef = 5670D53F1C9B278500DDE7CA /* Main.storyboard */; };
		5670D5431C9B278500DDE7CA /* Assets.xcassets in Resources */ = {isa = PBXBuildFile; fileRef = 5670D5421C9B278500DDE7CA /* Assets.xcassets */; };
		5670D5461C9B278500DDE7CA /* LaunchScreen.storyboard in Resources */ = {isa = PBXBuildFile; fileRef = 5670D5441C9B278500DDE7CA /* LaunchScreen.storyboard */; };
		5670D5511C9B278500DDE7CA /* goolTests.swift in Sources */ = {isa = PBXBuildFile; fileRef = 5670D5501C9B278500DDE7CA /* goolTests.swift */; };
		5670D55C1C9B278500DDE7CA /* goolUITests.swift in Sources */ = {isa = PBXBuildFile; fileRef = 5670D55B1C9B278500DDE7CA /* goolUITests.swift */; };
		5670D56E1C9B2B5200DDE7CA /* Networking.swift in Sources */ = {isa = PBXBuildFile; fileRef = 5670D56D1C9B2B5200DDE7CA /* Networking.swift */; };
		5670D5711C9B2FBC00DDE7CA /* GPRDataSource.swift in Sources */ = {isa = PBXBuildFile; fileRef = 5670D5701C9B2FBC00DDE7CA /* GPRDataSource.swift */; };
		5670D57A1C9B31EB00DDE7CA /* GPRSessionStore.swift in Sources */ = {isa = PBXBuildFile; fileRef = 5670D5791C9B31EB00DDE7CA /* GPRSessionStore.swift */; };
		5670D57D1C9B3BDA00DDE7CA /* GPRDataOutput.swift in Sources */ = {isa = PBXBuildFile; fileRef = 5670D57C1C9B3BDA00DDE7CA /* GPRDataOutput.swift */; };
		5670D5801C9B3C1E00DDE7CA /* NetworkGPRDevice.swift in Sources */ = {isa = PBXBuildFile; fileRef = 5670D57F1C9B3C1E00DDE7CA /* NetworkGPRDevice.swift */; };
		5670D5861C9B3D8100DDE7CA /* GSDFile.swift in Sources */ = {isa = PBXBuildFile; fileRef = 5670D5851C9B3D8100DDE7CA /* GSDFile.swift */; };
		5670D5891C9B3DCB00DDE7CA /* GPRDataFileWriter.swift in Sources */ = {isa = PBXBuildFile; fileRef = 5670D5881C9B3DCB00DDE7CA /* GPRDataFileWriter.swift */; };
		5670D58C1C9B3E1500DDE7CA /* Constants.swift in Sources */ = {isa = PBXBuildFile; fileRef = 5670D58B1C9B3E1500DDE7CA /* Constants.swift */; };
		5670D5921C9B3EC400DDE7CA /* DSP.swift in Sources */ = {isa = PBXBuildFile; fileRef = 5670D5911C9B3EC400DDE7CA /* DSP.swift */; };
		5670D5951C9B3EFB00DDE7CA /* DataAnalyzer.swift in Sources */ = {isa = PBXBuildFile; fileRef = 5670D5941C9B3EFB00DDE7CA /* DataAnalyzer.swift */; };
		5670D5981C9B3FA500DDE7CA /* GPRSession.swift in Sources */ = {isa = PBXBuildFile; fileRef = 5670D5971C9B3FA500DDE7CA /* GPRSession.swift */; };
		5670D59B1C9B3FEA00DDE7CA /* Displacement.swift in Sources */ = {isa = PBXBuildFile; fileRef = 5670D59A1C9B3FEA00DDE7CA /* Displacement.swift */; };
		7125D4871CAA88CA00624E39 /* NetworkBrowserDelegate.swift in Sources */ = {isa = PBXBuildFile; fileRef = 7125D4861CAA88CA00624E39 /* NetworkBrowserDelegate.swift */; };
		7125D48D1CAA8FC400624E39 /* MockDataSource.swift in Sources */ = {isa = PBXBuildFile; fileRef = 7125D48C1CAA8FC400624E39 /* MockDataSource.swift */; };
		7125D4931CAAA12800624E39 /* COPIPES.DZT in Resources */ = {isa = PBXBuildFile; fileRef = 7125D4921CAAA12800624E39 /* COPIPES.DZT */; };
		7125D4941CAAA12800624E39 /* COPIPES.DZT in Resources */ = {isa = PBXBuildFile; fileRef = 7125D4921CAAA12800624E39 /* COPIPES.DZT */; };
		7125D4951CAAA12800624E39 /* COPIPES.DZT in Resources */ = {isa = PBXBuildFile; fileRef = 7125D4921CAAA12800624E39 /* COPIPES.DZT */; };
		7125D4971CAAD05800624E39 /* Mocker.swift in Sources */ = {isa = PBXBuildFile; fileRef = 7125D4961CAAD05800624E39 /* Mocker.swift */; };
		713F4D4B1CD13B6100B428F6 /* Material.swift in Sources */ = {isa = PBXBuildFile; fileRef = 713F4D4A1CD13B6100B428F6 /* Material.swift */; };
		717000CA1CCEA8A300B20A40 /* GPRSettings.swift in Sources */ = {isa = PBXBuildFile; fileRef = 717000C91CCEA8A300B20A40 /* GPRSettings.swift */; };
		7173E6A71CAA2D3100356F32 /* GPRTrace.swift in Sources */ = {isa = PBXBuildFile; fileRef = 7173E6A61CAA2D3100356F32 /* GPRTrace.swift */; };
		71938CD41CC5202C00B220F3 /* MapKit.framework in Frameworks */ = {isa = PBXBuildFile; fileRef = 71938CD31CC5202C00B220F3 /* MapKit.framework */; };
		71938CD61CC67B4800B220F3 /* Gravesite.swift in Sources */ = {isa = PBXBuildFile; fileRef = 71938CD51CC67B4800B220F3 /* Gravesite.swift */; };
/* End PBXBuildFile section */

/* Begin PBXContainerItemProxy section */
		5670D54D1C9B278500DDE7CA /* PBXContainerItemProxy */ = {
			isa = PBXContainerItemProxy;
			containerPortal = 5670D5301C9B278500DDE7CA /* Project object */;
			proxyType = 1;
			remoteGlobalIDString = 5670D5371C9B278500DDE7CA;
			remoteInfo = gool;
		};
		5670D5581C9B278500DDE7CA /* PBXContainerItemProxy */ = {
			isa = PBXContainerItemProxy;
			containerPortal = 5670D5301C9B278500DDE7CA /* Project object */;
			proxyType = 1;
			remoteGlobalIDString = 5670D5371C9B278500DDE7CA;
			remoteInfo = gool;
		};
/* End PBXContainerItemProxy section */

/* Begin PBXFileReference section */
		564A78701CC6A976008F70D9 /* MapViewController.swift */ = {isa = PBXFileReference; fileEncoding = 4; lastKnownFileType = sourcecode.swift; path = MapViewController.swift; sourceTree = "<group>"; };
		564A78741CC6CE14008F70D9 /* Colors.swift */ = {isa = PBXFileReference; fileEncoding = 4; lastKnownFileType = sourcecode.swift; path = Colors.swift; sourceTree = "<group>"; };
		56561CDA1CD28EC300B14720 /* LoadViewController.swift */ = {isa = PBXFileReference; fileEncoding = 4; lastKnownFileType = sourcecode.swift; path = LoadViewController.swift; sourceTree = "<group>"; };
		56561CE31CD2DE9A00B14720 /* Serializable.swift */ = {isa = PBXFileReference; fileEncoding = 4; lastKnownFileType = sourcecode.swift; path = Serializable.swift; sourceTree = "<group>"; };
		56561CE71CD2E0E200B14720 /* ArrayExt.swift */ = {isa = PBXFileReference; fileEncoding = 4; lastKnownFileType = sourcecode.swift; path = ArrayExt.swift; sourceTree = "<group>"; };
		5657C85E1CAAD01E003FD752 /* ViewController.swift */ = {isa = PBXFileReference; fileEncoding = 4; lastKnownFileType = sourcecode.swift; name = ViewController.swift; path = gool/ViewController.swift; sourceTree = SOURCE_ROOT; };
		5670D5381C9B278500DDE7CA /* gool.app */ = {isa = PBXFileReference; explicitFileType = wrapper.application; includeInIndex = 0; path = gool.app; sourceTree = BUILT_PRODUCTS_DIR; };
		5670D53B1C9B278500DDE7CA /* AppDelegate.swift */ = {isa = PBXFileReference; lastKnownFileType = sourcecode.swift; path = AppDelegate.swift; sourceTree = "<group>"; };
		5670D5401C9B278500DDE7CA /* Base */ = {isa = PBXFileReference; lastKnownFileType = file.storyboard; name = Base; path = Base.lproj/Main.storyboard; sourceTree = "<group>"; };
		5670D5421C9B278500DDE7CA /* Assets.xcassets */ = {isa = PBXFileReference; lastKnownFileType = folder.assetcatalog; path = Assets.xcassets; sourceTree = "<group>"; };
		5670D5451C9B278500DDE7CA /* Base */ = {isa = PBXFileReference; lastKnownFileType = file.storyboard; name = Base; path = Base.lproj/LaunchScreen.storyboard; sourceTree = "<group>"; };
		5670D5471C9B278500DDE7CA /* Info.plist */ = {isa = PBXFileReference; lastKnownFileType = text.plist.xml; path = Info.plist; sourceTree = "<group>"; };
		5670D54C1C9B278500DDE7CA /* goolTests.xctest */ = {isa = PBXFileReference; explicitFileType = wrapper.cfbundle; includeInIndex = 0; path = goolTests.xctest; sourceTree = BUILT_PRODUCTS_DIR; };
		5670D5501C9B278500DDE7CA /* goolTests.swift */ = {isa = PBXFileReference; lastKnownFileType = sourcecode.swift; path = goolTests.swift; sourceTree = "<group>"; };
		5670D5521C9B278500DDE7CA /* Info.plist */ = {isa = PBXFileReference; lastKnownFileType = text.plist.xml; path = Info.plist; sourceTree = "<group>"; };
		5670D5571C9B278500DDE7CA /* goolUITests.xctest */ = {isa = PBXFileReference; explicitFileType = wrapper.cfbundle; includeInIndex = 0; path = goolUITests.xctest; sourceTree = BUILT_PRODUCTS_DIR; };
		5670D55B1C9B278500DDE7CA /* goolUITests.swift */ = {isa = PBXFileReference; lastKnownFileType = sourcecode.swift; path = goolUITests.swift; sourceTree = "<group>"; };
		5670D55D1C9B278500DDE7CA /* Info.plist */ = {isa = PBXFileReference; lastKnownFileType = text.plist.xml; path = Info.plist; sourceTree = "<group>"; };
		5670D56D1C9B2B5200DDE7CA /* Networking.swift */ = {isa = PBXFileReference; fileEncoding = 4; lastKnownFileType = sourcecode.swift; path = Networking.swift; sourceTree = "<group>"; };
		5670D5701C9B2FBC00DDE7CA /* GPRDataSource.swift */ = {isa = PBXFileReference; fileEncoding = 4; lastKnownFileType = sourcecode.swift; path = GPRDataSource.swift; sourceTree = "<group>"; };
		5670D5791C9B31EB00DDE7CA /* GPRSessionStore.swift */ = {isa = PBXFileReference; fileEncoding = 4; lastKnownFileType = sourcecode.swift; path = GPRSessionStore.swift; sourceTree = "<group>"; };
		5670D57C1C9B3BDA00DDE7CA /* GPRDataOutput.swift */ = {isa = PBXFileReference; fileEncoding = 4; lastKnownFileType = sourcecode.swift; path = GPRDataOutput.swift; sourceTree = "<group>"; };
		5670D57F1C9B3C1E00DDE7CA /* NetworkGPRDevice.swift */ = {isa = PBXFileReference; fileEncoding = 4; lastKnownFileType = sourcecode.swift; path = NetworkGPRDevice.swift; sourceTree = "<group>"; };
		5670D5851C9B3D8100DDE7CA /* GSDFile.swift */ = {isa = PBXFileReference; fileEncoding = 4; lastKnownFileType = sourcecode.swift; path = GSDFile.swift; sourceTree = "<group>"; };
		5670D5881C9B3DCB00DDE7CA /* GPRDataFileWriter.swift */ = {isa = PBXFileReference; fileEncoding = 4; lastKnownFileType = sourcecode.swift; path = GPRDataFileWriter.swift; sourceTree = "<group>"; };
		5670D58B1C9B3E1500DDE7CA /* Constants.swift */ = {isa = PBXFileReference; fileEncoding = 4; lastKnownFileType = sourcecode.swift; path = Constants.swift; sourceTree = "<group>"; };
		5670D5911C9B3EC400DDE7CA /* DSP.swift */ = {isa = PBXFileReference; fileEncoding = 4; lastKnownFileType = sourcecode.swift; path = DSP.swift; sourceTree = "<group>"; };
		5670D5941C9B3EFB00DDE7CA /* DataAnalyzer.swift */ = {isa = PBXFileReference; fileEncoding = 4; lastKnownFileType = sourcecode.swift; path = DataAnalyzer.swift; sourceTree = "<group>"; };
		5670D5971C9B3FA500DDE7CA /* GPRSession.swift */ = {isa = PBXFileReference; fileEncoding = 4; lastKnownFileType = sourcecode.swift; path = GPRSession.swift; sourceTree = "<group>"; };
		5670D59A1C9B3FEA00DDE7CA /* Displacement.swift */ = {isa = PBXFileReference; fileEncoding = 4; lastKnownFileType = sourcecode.swift; path = Displacement.swift; sourceTree = "<group>"; };
		7125D4861CAA88CA00624E39 /* NetworkBrowserDelegate.swift */ = {isa = PBXFileReference; fileEncoding = 4; lastKnownFileType = sourcecode.swift; path = NetworkBrowserDelegate.swift; sourceTree = "<group>"; };
		7125D48C1CAA8FC400624E39 /* MockDataSource.swift */ = {isa = PBXFileReference; fileEncoding = 4; lastKnownFileType = sourcecode.swift; path = MockDataSource.swift; sourceTree = "<group>"; };
		7125D4921CAAA12800624E39 /* COPIPES.DZT */ = {isa = PBXFileReference; lastKnownFileType = text; name = COPIPES.DZT; path = ../../GPR/COPIPES.DZT; sourceTree = "<group>"; };
		7125D4961CAAD05800624E39 /* Mocker.swift */ = {isa = PBXFileReference; fileEncoding = 4; lastKnownFileType = sourcecode.swift; path = Mocker.swift; sourceTree = "<group>"; };
		713F4D4A1CD13B6100B428F6 /* Material.swift */ = {isa = PBXFileReference; fileEncoding = 4; lastKnownFileType = sourcecode.swift; path = Material.swift; sourceTree = "<group>"; };
		717000C81CCBC26500B20A40 /* 5LINE07.dzt */ = {isa = PBXFileReference; lastKnownFileType = file; path = 5LINE07.dzt; sourceTree = "<group>"; };
		717000C91CCEA8A300B20A40 /* GPRSettings.swift */ = {isa = PBXFileReference; fileEncoding = 4; lastKnownFileType = sourcecode.swift; path = GPRSettings.swift; sourceTree = "<group>"; };
		7173E6A61CAA2D3100356F32 /* GPRTrace.swift */ = {isa = PBXFileReference; fileEncoding = 4; lastKnownFileType = sourcecode.swift; path = GPRTrace.swift; sourceTree = "<group>"; };
		71938CD31CC5202C00B220F3 /* MapKit.framework */ = {isa = PBXFileReference; lastKnownFileType = wrapper.framework; name = MapKit.framework; path = System/Library/Frameworks/MapKit.framework; sourceTree = SDKROOT; };
		71938CD51CC67B4800B220F3 /* Gravesite.swift */ = {isa = PBXFileReference; fileEncoding = 4; lastKnownFileType = sourcecode.swift; path = Gravesite.swift; sourceTree = "<group>"; };
/* End PBXFileReference section */

/* Begin PBXFrameworksBuildPhase section */
		5670D5351C9B278500DDE7CA /* Frameworks */ = {
			isa = PBXFrameworksBuildPhase;
			buildActionMask = 2147483647;
			files = (
				71938CD41CC5202C00B220F3 /* MapKit.framework in Frameworks */,
			);
			runOnlyForDeploymentPostprocessing = 0;
		};
		5670D5491C9B278500DDE7CA /* Frameworks */ = {
			isa = PBXFrameworksBuildPhase;
			buildActionMask = 2147483647;
			files = (
			);
			runOnlyForDeploymentPostprocessing = 0;
		};
		5670D5541C9B278500DDE7CA /* Frameworks */ = {
			isa = PBXFrameworksBuildPhase;
			buildActionMask = 2147483647;
			files = (
			);
			runOnlyForDeploymentPostprocessing = 0;
		};
/* End PBXFrameworksBuildPhase section */

/* Begin PBXGroup section */
		56561CE61CD2E06800B14720 /* Serializer */ = {
			isa = PBXGroup;
			children = (
				56561CE31CD2DE9A00B14720 /* Serializable.swift */,
				56561CE71CD2E0E200B14720 /* ArrayExt.swift */,
			);
			name = Serializer;
			sourceTree = "<group>";
		};
		5670D52F1C9B278500DDE7CA = {
			isa = PBXGroup;
			children = (
				71938CD31CC5202C00B220F3 /* MapKit.framework */,
				5670D53A1C9B278500DDE7CA /* gool */,
				5670D54F1C9B278500DDE7CA /* goolTests */,
				5670D55A1C9B278500DDE7CA /* goolUITests */,
				5670D5391C9B278500DDE7CA /* Products */,
			);
			sourceTree = "<group>";
		};
		5670D5391C9B278500DDE7CA /* Products */ = {
			isa = PBXGroup;
			children = (
				5670D5381C9B278500DDE7CA /* gool.app */,
				5670D54C1C9B278500DDE7CA /* goolTests.xctest */,
				5670D5571C9B278500DDE7CA /* goolUITests.xctest */,
			);
			name = Products;
			sourceTree = "<group>";
		};
		5670D53A1C9B278500DDE7CA /* gool */ = {
			isa = PBXGroup;
			children = (
				56561CE61CD2E06800B14720 /* Serializer */,
				7125D48B1CAA8FAE00624E39 /* Mocking */,
				5670D5691C9B2A7600DDE7CA /* Supporting Files */,
				5670D56A1C9B2A9B00DDE7CA /* IO */,
				5670D56B1C9B2AB600DDE7CA /* Logic */,
				5670D56C1C9B2AD700DDE7CA /* Models */,
				5670D53F1C9B278500DDE7CA /* Main.storyboard */,
				564A78701CC6A976008F70D9 /* MapViewController.swift */,
				5657C85E1CAAD01E003FD752 /* ViewController.swift */,
				7125D4861CAA88CA00624E39 /* NetworkBrowserDelegate.swift */,
				564A78741CC6CE14008F70D9 /* Colors.swift */,
				56561CDA1CD28EC300B14720 /* LoadViewController.swift */,
			);
			path = gool;
			sourceTree = "<group>";
		};
		5670D54F1C9B278500DDE7CA /* goolTests */ = {
			isa = PBXGroup;
			children = (
				5670D5501C9B278500DDE7CA /* goolTests.swift */,
				5670D5521C9B278500DDE7CA /* Info.plist */,
			);
			path = goolTests;
			sourceTree = "<group>";
		};
		5670D55A1C9B278500DDE7CA /* goolUITests */ = {
			isa = PBXGroup;
			children = (
				5670D55B1C9B278500DDE7CA /* goolUITests.swift */,
				5670D55D1C9B278500DDE7CA /* Info.plist */,
			);
			path = goolUITests;
			sourceTree = "<group>";
		};
		5670D5691C9B2A7600DDE7CA /* Supporting Files */ = {
			isa = PBXGroup;
			children = (
				7125D4921CAAA12800624E39 /* COPIPES.DZT */,
				717000C81CCBC26500B20A40 /* 5LINE07.dzt */,
				5670D5421C9B278500DDE7CA /* Assets.xcassets */,
				5670D5471C9B278500DDE7CA /* Info.plist */,
				5670D5441C9B278500DDE7CA /* LaunchScreen.storyboard */,
				5670D53B1C9B278500DDE7CA /* AppDelegate.swift */,
			);
			name = "Supporting Files";
			sourceTree = "<group>";
		};
		5670D56A1C9B2A9B00DDE7CA /* IO */ = {
			isa = PBXGroup;
			children = (
				5670D56D1C9B2B5200DDE7CA /* Networking.swift */,
				5670D5701C9B2FBC00DDE7CA /* GPRDataSource.swift */,
				5670D5791C9B31EB00DDE7CA /* GPRSessionStore.swift */,
				5670D57C1C9B3BDA00DDE7CA /* GPRDataOutput.swift */,
				5670D57F1C9B3C1E00DDE7CA /* NetworkGPRDevice.swift */,
				5670D5851C9B3D8100DDE7CA /* GSDFile.swift */,
				5670D5881C9B3DCB00DDE7CA /* GPRDataFileWriter.swift */,
				5670D58B1C9B3E1500DDE7CA /* Constants.swift */,
			);
			name = IO;
			sourceTree = "<group>";
		};
		5670D56B1C9B2AB600DDE7CA /* Logic */ = {
			isa = PBXGroup;
			children = (
				5670D5911C9B3EC400DDE7CA /* DSP.swift */,
				5670D5941C9B3EFB00DDE7CA /* DataAnalyzer.swift */,
			);
			name = Logic;
			sourceTree = "<group>";
		};
		5670D56C1C9B2AD700DDE7CA /* Models */ = {
			isa = PBXGroup;
			children = (
				5670D5971C9B3FA500DDE7CA /* GPRSession.swift */,
				5670D59A1C9B3FEA00DDE7CA /* Displacement.swift */,
				7173E6A61CAA2D3100356F32 /* GPRTrace.swift */,
				71938CD51CC67B4800B220F3 /* Gravesite.swift */,
				717000C91CCEA8A300B20A40 /* GPRSettings.swift */,
				713F4D4A1CD13B6100B428F6 /* Material.swift */,
			);
			name = Models;
			sourceTree = "<group>";
		};
		7125D48B1CAA8FAE00624E39 /* Mocking */ = {
			isa = PBXGroup;
			children = (
				7125D48C1CAA8FC400624E39 /* MockDataSource.swift */,
				7125D4961CAAD05800624E39 /* Mocker.swift */,
			);
			name = Mocking;
			sourceTree = "<group>";
		};
/* End PBXGroup section */

/* Begin PBXNativeTarget section */
		5670D5371C9B278500DDE7CA /* gool */ = {
			isa = PBXNativeTarget;
			buildConfigurationList = 5670D5601C9B278500DDE7CA /* Build configuration list for PBXNativeTarget "gool" */;
			buildPhases = (
				5670D5341C9B278500DDE7CA /* Sources */,
				5670D5351C9B278500DDE7CA /* Frameworks */,
				5670D5361C9B278500DDE7CA /* Resources */,
			);
			buildRules = (
			);
			dependencies = (
			);
			name = gool;
			productName = gool;
			productReference = 5670D5381C9B278500DDE7CA /* gool.app */;
			productType = "com.apple.product-type.application";
		};
		5670D54B1C9B278500DDE7CA /* goolTests */ = {
			isa = PBXNativeTarget;
			buildConfigurationList = 5670D5631C9B278500DDE7CA /* Build configuration list for PBXNativeTarget "goolTests" */;
			buildPhases = (
				5670D5481C9B278500DDE7CA /* Sources */,
				5670D5491C9B278500DDE7CA /* Frameworks */,
				5670D54A1C9B278500DDE7CA /* Resources */,
			);
			buildRules = (
			);
			dependencies = (
				5670D54E1C9B278500DDE7CA /* PBXTargetDependency */,
			);
			name = goolTests;
			productName = goolTests;
			productReference = 5670D54C1C9B278500DDE7CA /* goolTests.xctest */;
			productType = "com.apple.product-type.bundle.unit-test";
		};
		5670D5561C9B278500DDE7CA /* goolUITests */ = {
			isa = PBXNativeTarget;
			buildConfigurationList = 5670D5661C9B278500DDE7CA /* Build configuration list for PBXNativeTarget "goolUITests" */;
			buildPhases = (
				5670D5531C9B278500DDE7CA /* Sources */,
				5670D5541C9B278500DDE7CA /* Frameworks */,
				5670D5551C9B278500DDE7CA /* Resources */,
			);
			buildRules = (
			);
			dependencies = (
				5670D5591C9B278500DDE7CA /* PBXTargetDependency */,
			);
			name = goolUITests;
			productName = goolUITests;
			productReference = 5670D5571C9B278500DDE7CA /* goolUITests.xctest */;
			productType = "com.apple.product-type.bundle.ui-testing";
		};
/* End PBXNativeTarget section */

/* Begin PBXProject section */
		5670D5301C9B278500DDE7CA /* Project object */ = {
			isa = PBXProject;
			attributes = {
				LastSwiftUpdateCheck = 0720;
				LastUpgradeCheck = 0720;
				ORGANIZATIONNAME = "Dead Squad";
				TargetAttributes = {
					5670D5371C9B278500DDE7CA = {
						CreatedOnToolsVersion = 7.2.1;
						DevelopmentTeam = 74J2HV8Z25;
						SystemCapabilities = {
							com.apple.Maps.iOS = {
								enabled = 1;
							};
						};
					};
					5670D54B1C9B278500DDE7CA = {
						CreatedOnToolsVersion = 7.2.1;
						TestTargetID = 5670D5371C9B278500DDE7CA;
					};
					5670D5561C9B278500DDE7CA = {
						CreatedOnToolsVersion = 7.2.1;
						TestTargetID = 5670D5371C9B278500DDE7CA;
					};
				};
			};
			buildConfigurationList = 5670D5331C9B278500DDE7CA /* Build configuration list for PBXProject "gool" */;
			compatibilityVersion = "Xcode 3.2";
			developmentRegion = English;
			hasScannedForEncodings = 0;
			knownRegions = (
				en,
				Base,
			);
			mainGroup = 5670D52F1C9B278500DDE7CA;
			productRefGroup = 5670D5391C9B278500DDE7CA /* Products */;
			projectDirPath = "";
			projectRoot = "";
			targets = (
				5670D5371C9B278500DDE7CA /* gool */,
				5670D54B1C9B278500DDE7CA /* goolTests */,
				5670D5561C9B278500DDE7CA /* goolUITests */,
			);
		};
/* End PBXProject section */

/* Begin PBXResourcesBuildPhase section */
		5670D5361C9B278500DDE7CA /* Resources */ = {
			isa = PBXResourcesBuildPhase;
			buildActionMask = 2147483647;
			files = (
				5670D5461C9B278500DDE7CA /* LaunchScreen.storyboard in Resources */,
				5670D5431C9B278500DDE7CA /* Assets.xcassets in Resources */,
				7125D4931CAAA12800624E39 /* COPIPES.DZT in Resources */,
				5670D5411C9B278500DDE7CA /* Main.storyboard in Resources */,
			);
			runOnlyForDeploymentPostprocessing = 0;
		};
		5670D54A1C9B278500DDE7CA /* Resources */ = {
			isa = PBXResourcesBuildPhase;
			buildActionMask = 2147483647;
			files = (
				7125D4941CAAA12800624E39 /* COPIPES.DZT in Resources */,
			);
			runOnlyForDeploymentPostprocessing = 0;
		};
		5670D5551C9B278500DDE7CA /* Resources */ = {
			isa = PBXResourcesBuildPhase;
			buildActionMask = 2147483647;
			files = (
				7125D4951CAAA12800624E39 /* COPIPES.DZT in Resources */,
			);
			runOnlyForDeploymentPostprocessing = 0;
		};
/* End PBXResourcesBuildPhase section */

/* Begin PBXSourcesBuildPhase section */
		5670D5341C9B278500DDE7CA /* Sources */ = {
			isa = PBXSourcesBuildPhase;
			buildActionMask = 2147483647;
			files = (
				7125D48D1CAA8FC400624E39 /* MockDataSource.swift in Sources */,
				56561CDB1CD28EC300B14720 /* LoadViewController.swift in Sources */,
				564A78751CC6CE14008F70D9 /* Colors.swift in Sources */,
				5670D56E1C9B2B5200DDE7CA /* Networking.swift in Sources */,
				7125D4971CAAD05800624E39 /* Mocker.swift in Sources */,
				5670D57D1C9B3BDA00DDE7CA /* GPRDataOutput.swift in Sources */,
				5657C85F1CAAD01E003FD752 /* ViewController.swift in Sources */,
				5670D5861C9B3D8100DDE7CA /* GSDFile.swift in Sources */,
				564A78711CC6A976008F70D9 /* MapViewController.swift in Sources */,
				713F4D4B1CD13B6100B428F6 /* Material.swift in Sources */,
				5670D5921C9B3EC400DDE7CA /* DSP.swift in Sources */,
				7125D4871CAA88CA00624E39 /* NetworkBrowserDelegate.swift in Sources */,
				5670D5981C9B3FA500DDE7CA /* GPRSession.swift in Sources */,
				56561CE41CD2DE9A00B14720 /* Serializable.swift in Sources */,
				5670D5801C9B3C1E00DDE7CA /* NetworkGPRDevice.swift in Sources */,
				5670D5951C9B3EFB00DDE7CA /* DataAnalyzer.swift in Sources */,
				5670D5711C9B2FBC00DDE7CA /* GPRDataSource.swift in Sources */,
				5670D53C1C9B278500DDE7CA /* AppDelegate.swift in Sources */,
				7173E6A71CAA2D3100356F32 /* GPRTrace.swift in Sources */,
				5670D59B1C9B3FEA00DDE7CA /* Displacement.swift in Sources */,
				717000CA1CCEA8A300B20A40 /* GPRSettings.swift in Sources */,
				71938CD61CC67B4800B220F3 /* Gravesite.swift in Sources */,
				56561CE81CD2E0E200B14720 /* ArrayExt.swift in Sources */,
				5670D5891C9B3DCB00DDE7CA /* GPRDataFileWriter.swift in Sources */,
				5670D57A1C9B31EB00DDE7CA /* GPRSessionStore.swift in Sources */,
				5670D58C1C9B3E1500DDE7CA /* Constants.swift in Sources */,
			);
			runOnlyForDeploymentPostprocessing = 0;
		};
		5670D5481C9B278500DDE7CA /* Sources */ = {
			isa = PBXSourcesBuildPhase;
			buildActionMask = 2147483647;
			files = (
				56561CE51CD2DE9A00B14720 /* Serializable.swift in Sources */,
				56561CE91CD2E0E200B14720 /* ArrayExt.swift in Sources */,
				56561CDC1CD28EC300B14720 /* LoadViewController.swift in Sources */,
				5670D5511C9B278500DDE7CA /* goolTests.swift in Sources */,
			);
			runOnlyForDeploymentPostprocessing = 0;
		};
		5670D5531C9B278500DDE7CA /* Sources */ = {
			isa = PBXSourcesBuildPhase;
			buildActionMask = 2147483647;
			files = (
				56561CDD1CD28EC300B14720 /* LoadViewController.swift in Sources */,
				5670D55C1C9B278500DDE7CA /* goolUITests.swift in Sources */,
			);
			runOnlyForDeploymentPostprocessing = 0;
		};
/* End PBXSourcesBuildPhase section */

/* Begin PBXTargetDependency section */
		5670D54E1C9B278500DDE7CA /* PBXTargetDependency */ = {
			isa = PBXTargetDependency;
			target = 5670D5371C9B278500DDE7CA /* gool */;
			targetProxy = 5670D54D1C9B278500DDE7CA /* PBXContainerItemProxy */;
		};
		5670D5591C9B278500DDE7CA /* PBXTargetDependency */ = {
			isa = PBXTargetDependency;
			target = 5670D5371C9B278500DDE7CA /* gool */;
			targetProxy = 5670D5581C9B278500DDE7CA /* PBXContainerItemProxy */;
		};
/* End PBXTargetDependency section */

/* Begin PBXVariantGroup section */
		5670D53F1C9B278500DDE7CA /* Main.storyboard */ = {
			isa = PBXVariantGroup;
			children = (
				5670D5401C9B278500DDE7CA /* Base */,
			);
			name = Main.storyboard;
			sourceTree = "<group>";
		};
		5670D5441C9B278500DDE7CA /* LaunchScreen.storyboard */ = {
			isa = PBXVariantGroup;
			children = (
				5670D5451C9B278500DDE7CA /* Base */,
			);
			name = LaunchScreen.storyboard;
			sourceTree = "<group>";
		};
/* End PBXVariantGroup section */

/* Begin XCBuildConfiguration section */
		5670D55E1C9B278500DDE7CA /* Debug */ = {
			isa = XCBuildConfiguration;
			buildSettings = {
				ALWAYS_SEARCH_USER_PATHS = NO;
				CLANG_CXX_LANGUAGE_STANDARD = "gnu++0x";
				CLANG_CXX_LIBRARY = "libc++";
				CLANG_ENABLE_MODULES = YES;
				CLANG_ENABLE_OBJC_ARC = YES;
				CLANG_WARN_BOOL_CONVERSION = YES;
				CLANG_WARN_CONSTANT_CONVERSION = YES;
				CLANG_WARN_DIRECT_OBJC_ISA_USAGE = YES_ERROR;
				CLANG_WARN_EMPTY_BODY = YES;
				CLANG_WARN_ENUM_CONVERSION = YES;
				CLANG_WARN_INT_CONVERSION = YES;
				CLANG_WARN_OBJC_ROOT_CLASS = YES_ERROR;
				CLANG_WARN_UNREACHABLE_CODE = YES;
				CLANG_WARN__DUPLICATE_METHOD_MATCH = YES;
				"CODE_SIGN_IDENTITY[sdk=iphoneos*]" = "iPhone Developer";
				COPY_PHASE_STRIP = NO;
				DEBUG_INFORMATION_FORMAT = dwarf;
				ENABLE_STRICT_OBJC_MSGSEND = YES;
				ENABLE_TESTABILITY = YES;
				GCC_C_LANGUAGE_STANDARD = gnu99;
				GCC_DYNAMIC_NO_PIC = NO;
				GCC_NO_COMMON_BLOCKS = YES;
				GCC_OPTIMIZATION_LEVEL = 0;
				GCC_PREPROCESSOR_DEFINITIONS = (
					"DEBUG=1",
					"$(inherited)",
				);
				GCC_WARN_64_TO_32_BIT_CONVERSION = YES;
				GCC_WARN_ABOUT_RETURN_TYPE = YES_ERROR;
				GCC_WARN_UNDECLARED_SELECTOR = YES;
				GCC_WARN_UNINITIALIZED_AUTOS = YES_AGGRESSIVE;
				GCC_WARN_UNUSED_FUNCTION = YES;
				GCC_WARN_UNUSED_VARIABLE = YES;
				IPHONEOS_DEPLOYMENT_TARGET = 9.2;
				MTL_ENABLE_DEBUG_INFO = YES;
				ONLY_ACTIVE_ARCH = YES;
				SDKROOT = iphoneos;
				SWIFT_OPTIMIZATION_LEVEL = "-Onone";
				TARGETED_DEVICE_FAMILY = "1,2";
			};
			name = Debug;
		};
		5670D55F1C9B278500DDE7CA /* Release */ = {
			isa = XCBuildConfiguration;
			buildSettings = {
				ALWAYS_SEARCH_USER_PATHS = NO;
				CLANG_CXX_LANGUAGE_STANDARD = "gnu++0x";
				CLANG_CXX_LIBRARY = "libc++";
				CLANG_ENABLE_MODULES = YES;
				CLANG_ENABLE_OBJC_ARC = YES;
				CLANG_WARN_BOOL_CONVERSION = YES;
				CLANG_WARN_CONSTANT_CONVERSION = YES;
				CLANG_WARN_DIRECT_OBJC_ISA_USAGE = YES_ERROR;
				CLANG_WARN_EMPTY_BODY = YES;
				CLANG_WARN_ENUM_CONVERSION = YES;
				CLANG_WARN_INT_CONVERSION = YES;
				CLANG_WARN_OBJC_ROOT_CLASS = YES_ERROR;
				CLANG_WARN_UNREACHABLE_CODE = YES;
				CLANG_WARN__DUPLICATE_METHOD_MATCH = YES;
				"CODE_SIGN_IDENTITY[sdk=iphoneos*]" = "iPhone Developer";
				COPY_PHASE_STRIP = NO;
				DEBUG_INFORMATION_FORMAT = "dwarf-with-dsym";
				ENABLE_NS_ASSERTIONS = NO;
				ENABLE_STRICT_OBJC_MSGSEND = YES;
				GCC_C_LANGUAGE_STANDARD = gnu99;
				GCC_NO_COMMON_BLOCKS = YES;
				GCC_WARN_64_TO_32_BIT_CONVERSION = YES;
				GCC_WARN_ABOUT_RETURN_TYPE = YES_ERROR;
				GCC_WARN_UNDECLARED_SELECTOR = YES;
				GCC_WARN_UNINITIALIZED_AUTOS = YES_AGGRESSIVE;
				GCC_WARN_UNUSED_FUNCTION = YES;
				GCC_WARN_UNUSED_VARIABLE = YES;
				IPHONEOS_DEPLOYMENT_TARGET = 9.2;
				MTL_ENABLE_DEBUG_INFO = NO;
				SDKROOT = iphoneos;
				TARGETED_DEVICE_FAMILY = "1,2";
				VALIDATE_PRODUCT = YES;
			};
			name = Release;
		};
		5670D5611C9B278500DDE7CA /* Debug */ = {
			isa = XCBuildConfiguration;
			buildSettings = {
				ASSETCATALOG_COMPILER_APPICON_NAME = AppIcon;
				CODE_SIGN_IDENTITY = "iPhone Developer";
				"CODE_SIGN_IDENTITY[sdk=iphoneos*]" = "iPhone Developer";
				INFOPLIST_FILE = gool/Info.plist;
				LD_RUNPATH_SEARCH_PATHS = "$(inherited) @executable_path/Frameworks";
				PRODUCT_BUNDLE_IDENTIFIER = com.deadsquad.gool;
				PRODUCT_NAME = "$(TARGET_NAME)";
				PROVISIONING_PROFILE = "";
			};
			name = Debug;
		};
		5670D5621C9B278500DDE7CA /* Release */ = {
			isa = XCBuildConfiguration;
			buildSettings = {
				ASSETCATALOG_COMPILER_APPICON_NAME = AppIcon;
				CODE_SIGN_IDENTITY = "iPhone Developer";
				"CODE_SIGN_IDENTITY[sdk=iphoneos*]" = "iPhone Developer";
				INFOPLIST_FILE = gool/Info.plist;
				LD_RUNPATH_SEARCH_PATHS = "$(inherited) @executable_path/Frameworks";
				PRODUCT_BUNDLE_IDENTIFIER = com.deadsquad.gool;
				PRODUCT_NAME = "$(TARGET_NAME)";
				PROVISIONING_PROFILE = "";
			};
			name = Release;
		};
		5670D5641C9B278500DDE7CA /* Debug */ = {
			isa = XCBuildConfiguration;
			buildSettings = {
				BUNDLE_LOADER = "$(TEST_HOST)";
				INFOPLIST_FILE = goolTests/Info.plist;
				LD_RUNPATH_SEARCH_PATHS = "$(inherited) @executable_path/Frameworks @loader_path/Frameworks";
				PRODUCT_BUNDLE_IDENTIFIER = deadsquad.goolTests;
				PRODUCT_NAME = "$(TARGET_NAME)";
				TEST_HOST = "$(BUILT_PRODUCTS_DIR)/gool.app/gool";
			};
			name = Debug;
		};
		5670D5651C9B278500DDE7CA /* Release */ = {
			isa = XCBuildConfiguration;
			buildSettings = {
				BUNDLE_LOADER = "$(TEST_HOST)";
				INFOPLIST_FILE = goolTests/Info.plist;
				LD_RUNPATH_SEARCH_PATHS = "$(inherited) @executable_path/Frameworks @loader_path/Frameworks";
				PRODUCT_BUNDLE_IDENTIFIER = deadsquad.goolTests;
				PRODUCT_NAME = "$(TARGET_NAME)";
				TEST_HOST = "$(BUILT_PRODUCTS_DIR)/gool.app/gool";
			};
			name = Release;
		};
		5670D5671C9B278500DDE7CA /* Debug */ = {
			isa = XCBuildConfiguration;
			buildSettings = {
				INFOPLIST_FILE = goolUITests/Info.plist;
				LD_RUNPATH_SEARCH_PATHS = "$(inherited) @executable_path/Frameworks @loader_path/Frameworks";
				PRODUCT_BUNDLE_IDENTIFIER = deadsquad.goolUITests;
				PRODUCT_NAME = "$(TARGET_NAME)";
				TEST_TARGET_NAME = gool;
				USES_XCTRUNNER = YES;
			};
			name = Debug;
		};
		5670D5681C9B278500DDE7CA /* Release */ = {
			isa = XCBuildConfiguration;
			buildSettings = {
				INFOPLIST_FILE = goolUITests/Info.plist;
				LD_RUNPATH_SEARCH_PATHS = "$(inherited) @executable_path/Frameworks @loader_path/Frameworks";
				PRODUCT_BUNDLE_IDENTIFIER = deadsquad.goolUITests;
				PRODUCT_NAME = "$(TARGET_NAME)";
				TEST_TARGET_NAME = gool;
				USES_XCTRUNNER = YES;
			};
			name = Release;
		};
/* End XCBuildConfiguration section */

/* Begin XCConfigurationList section */
		5670D5331C9B278500DDE7CA /* Build configuration list for PBXProject "gool" */ = {
			isa = XCConfigurationList;
			buildConfigurations = (
				5670D55E1C9B278500DDE7CA /* Debug */,
				5670D55F1C9B278500DDE7CA /* Release */,
			);
			defaultConfigurationIsVisible = 0;
			defaultConfigurationName = Release;
		};
		5670D5601C9B278500DDE7CA /* Build configuration list for PBXNativeTarget "gool" */ = {
			isa = XCConfigurationList;
			buildConfigurations = (
				5670D5611C9B278500DDE7CA /* Debug */,
				5670D5621C9B278500DDE7CA /* Release */,
			);
			defaultConfigurationIsVisible = 0;
			defaultConfigurationName = Release;
		};
		5670D5631C9B278500DDE7CA /* Build configuration list for PBXNativeTarget "goolTests" */ = {
			isa = XCConfigurationList;
			buildConfigurations = (
				5670D5641C9B278500DDE7CA /* Debug */,
				5670D5651C9B278500DDE7CA /* Release */,
			);
			defaultConfigurationIsVisible = 0;
			defaultConfigurationName = Release;
		};
		5670D5661C9B278500DDE7CA /* Build configuration list for PBXNativeTarget "goolUITests" */ = {
			isa = XCConfigurationList;
			buildConfigurations = (
				5670D5671C9B278500DDE7CA /* Debug */,
				5670D5681C9B278500DDE7CA /* Release */,
			);
			defaultConfigurationIsVisible = 0;
			defaultConfigurationName = Release;
		};
/* End XCConfigurationList section */
	};
	rootObject = 5670D5301C9B278500DDE7CA /* Project object */;
}
